
Microsoft Visual Studio Solution File, Format Version 12.00
# Visual Studio Version 16
VisualStudioVersion = 16.0.34729.46
MinimumVisualStudioVersion = 10.0.40219.1
Project("{FAE04EC0-301F-11D3-BF4B-00C04F79EFBC}") = "CarsR", "CarsR.csproj", "{840FD868-DCD6-49DD-82D1-66432D904D09}"
EndProject
Project("{9A19103F-16F7-4668-BE54-9A1E7A4F7556}") = "CarOnRentApi", "..\CarOnRentApi\CarOnRentApi.csproj", "{4E376710-B3FD-4E1F-9846-4F94D68BC741}"
EndProject
Global
	GlobalSection(SolutionConfigurationPlatforms) = preSolution
		Debug|Any CPU = Debug|Any CPU
		Release|Any CPU = Release|Any CPU
	EndGlobalSection
	GlobalSection(ProjectConfigurationPlatforms) = postSolution
		{840FD868-DCD6-49DD-82D1-66432D904D09}.Debug|Any CPU.ActiveCfg = Debug|Any CPU
		{840FD868-DCD6-49DD-82D1-66432D904D09}.Debug|Any CPU.Build.0 = Debug|Any CPU
		{840FD868-DCD6-49DD-82D1-66432D904D09}.Release|Any CPU.ActiveCfg = Release|Any CPU
		{840FD868-DCD6-49DD-82D1-66432D904D09}.Release|Any CPU.Build.0 = Release|Any CPU
		{4E376710-B3FD-4E1F-9846-4F94D68BC741}.Debug|Any CPU.ActiveCfg = Debug|Any CPU
		{4E376710-B3FD-4E1F-9846-4F94D68BC741}.Debug|Any CPU.Build.0 = Debug|Any CPU
		{4E376710-B3FD-4E1F-9846-4F94D68BC741}.Release|Any CPU.ActiveCfg = Release|Any CPU
		{4E376710-B3FD-4E1F-9846-4F94D68BC741}.Release|Any CPU.Build.0 = Release|Any CPU
	EndGlobalSection
	GlobalSection(SolutionProperties) = preSolution
		HideSolutionNode = FALSE
	EndGlobalSection
	GlobalSection(ExtensibilityGlobals) = postSolution
		SolutionGuid = {82839293-E609-412B-B118-0323045FDDE4}
	EndGlobalSection
EndGlobal
